
Microsoft Visual Studio Solution File, Format Version 12.00
# Visual Studio Version 17
VisualStudioVersion = 17.3.32901.215
MinimumVisualStudioVersion = 10.0.40219.1
Project("{FAE04EC0-301F-11D3-BF4B-00C04F79EFBC}") = "WinFormsApp1", "WinFormsApp1\WinFormsApp1.csproj", "{36666F94-8149-440E-A14B-265A95D36ED7}"
EndProject
Global
	GlobalSection(SolutionConfigurationPlatforms) = preSolution
		Debug|Any CPU = Debug|Any CPU
		Release|Any CPU = Release|Any CPU
	EndGlobalSection
	GlobalSection(ProjectConfigurationPlatforms) = postSolution
		{36666F94-8149-440E-A14B-265A95D36ED7}.Debug|Any CPU.ActiveCfg = Debug|Any CPU
		{36666F94-8149-440E-A14B-265A95D36ED7}.Debug|Any CPU.Build.0 = Debug|Any CPU
		{36666F94-8149-440E-A14B-265A95D36ED7}.Release|Any CPU.ActiveCfg = Release|Any CPU
		{36666F94-8149-440E-A14B-265A95D36ED7}.Release|Any CPU.Build.0 = Release|Any CPU
	EndGlobalSection
	GlobalSection(SolutionProperties) = preSolution
		HideSolutionNode = FALSE
	EndGlobalSection
	GlobalSection(ExtensibilityGlobals) = postSolution
		SolutionGuid = {23C7706B-94F8-4AB4-A137-100E54CA3345}
	EndGlobalSection
EndGlobal
